
Microsoft Visual Studio Solution File, Format Version 12.00
# Visual Studio Version 16
VisualStudioVersion = 16.0.30517.126
MinimumVisualStudioVersion = 10.0.40219.1
Project("{FAE04EC0-301F-11D3-BF4B-00C04F79EFBC}") = "HelloWorldExercise", "HelloWorldExercise\HelloWorldExercise.csproj", "{574C37DA-5234-4CDC-BF72-9A0E295463FE}"
EndProject
Global
	GlobalSection(SolutionConfigurationPlatforms) = preSolution
		Debug|Any CPU = Debug|Any CPU
		Release|Any CPU = Release|Any CPU
	EndGlobalSection
	GlobalSection(ProjectConfigurationPlatforms) = postSolution
		{574C37DA-5234-4CDC-BF72-9A0E295463FE}.Debug|Any CPU.ActiveCfg = Debug|Any CPU
		{574C37DA-5234-4CDC-BF72-9A0E295463FE}.Debug|Any CPU.Build.0 = Debug|Any CPU
		{574C37DA-5234-4CDC-BF72-9A0E295463FE}.Release|Any CPU.ActiveCfg = Release|Any CPU
		{574C37DA-5234-4CDC-BF72-9A0E295463FE}.Release|Any CPU.Build.0 = Release|Any CPU
	EndGlobalSection
	GlobalSection(SolutionProperties) = preSolution
		HideSolutionNode = FALSE
	EndGlobalSection
	GlobalSection(ExtensibilityGlobals) = postSolution
		SolutionGuid = {22F5705B-3C65-401B-9534-E309B281CA5A}
	EndGlobalSection
EndGlobal
